
Microsoft Visual Studio Solution File, Format Version 12.00
# Visual Studio Version 17
VisualStudioVersion = 17.7.34003.232
MinimumVisualStudioVersion = 10.0.40219.1
Project("{FAE04EC0-301F-11D3-BF4B-00C04F79EFBC}") = "inlämningList1", "inlämningList1\inlämningList1.csproj", "{01ABBE3A-20A7-416C-81BA-B9291D43A46F}"
EndProject
Global
	GlobalSection(SolutionConfigurationPlatforms) = preSolution
		Debug|Any CPU = Debug|Any CPU
		Release|Any CPU = Release|Any CPU
	EndGlobalSection
	GlobalSection(ProjectConfigurationPlatforms) = postSolution
		{01ABBE3A-20A7-416C-81BA-B9291D43A46F}.Debug|Any CPU.ActiveCfg = Debug|Any CPU
		{01ABBE3A-20A7-416C-81BA-B9291D43A46F}.Debug|Any CPU.Build.0 = Debug|Any CPU
		{01ABBE3A-20A7-416C-81BA-B9291D43A46F}.Release|Any CPU.ActiveCfg = Release|Any CPU
		{01ABBE3A-20A7-416C-81BA-B9291D43A46F}.Release|Any CPU.Build.0 = Release|Any CPU
	EndGlobalSection
	GlobalSection(SolutionProperties) = preSolution
		HideSolutionNode = FALSE
	EndGlobalSection
	GlobalSection(ExtensibilityGlobals) = postSolution
		SolutionGuid = {9FB4CB07-FFFB-4FEC-B32F-40949FD386AE}
	EndGlobalSection
EndGlobal
